
Microsoft Visual Studio Solution File, Format Version 12.00
# Visual Studio Version 16
VisualStudioVersion = 16.0.31515.178
MinimumVisualStudioVersion = 10.0.40219.1
Project("{FAE04EC0-301F-11D3-BF4B-00C04F79EFBC}") = "TempImageHosting", "TempImageHosting\TempImageHosting.csproj", "{26C85631-55DD-4AFC-9F62-00F2593DB2E1}"
EndProject
Global
	GlobalSection(SolutionConfigurationPlatforms) = preSolution
		Debug|Any CPU = Debug|Any CPU
		Release|Any CPU = Release|Any CPU
	EndGlobalSection
	GlobalSection(ProjectConfigurationPlatforms) = postSolution
		{26C85631-55DD-4AFC-9F62-00F2593DB2E1}.Debug|Any CPU.ActiveCfg = Debug|Any CPU
		{26C85631-55DD-4AFC-9F62-00F2593DB2E1}.Debug|Any CPU.Build.0 = Debug|Any CPU
		{26C85631-55DD-4AFC-9F62-00F2593DB2E1}.Release|Any CPU.ActiveCfg = Release|Any CPU
		{26C85631-55DD-4AFC-9F62-00F2593DB2E1}.Release|Any CPU.Build.0 = Release|Any CPU
	EndGlobalSection
	GlobalSection(SolutionProperties) = preSolution
		HideSolutionNode = FALSE
	EndGlobalSection
	GlobalSection(ExtensibilityGlobals) = postSolution
		SolutionGuid = {549E725A-C411-49D8-B835-385789F10BA1}
	EndGlobalSection
EndGlobal
